
Microsoft Visual Studio Solution File, Format Version 12.00
# Visual Studio Version 17
VisualStudioVersion = 17.5.33627.172
MinimumVisualStudioVersion = 10.0.40219.1
Project("{9A19103F-16F7-4668-BE54-9A1E7A4F7556}") = "MachineAPI", "MachineAPI\MachineAPI.csproj", "{1A2716BE-BB6C-4C59-925C-A0D039F449AA}"
EndProject
Project("{FAE04EC0-301F-11D3-BF4B-00C04F79EFBC}") = "MachineWebApp", "MachineWebApp\MachineWebApp.csproj", "{6833946A-4B21-4EBB-B18D-C5FEF5DB60AA}"
EndProject
Global
	GlobalSection(SolutionConfigurationPlatforms) = preSolution
		Debug|Any CPU = Debug|Any CPU
		Release|Any CPU = Release|Any CPU
	EndGlobalSection
	GlobalSection(ProjectConfigurationPlatforms) = postSolution
		{1A2716BE-BB6C-4C59-925C-A0D039F449AA}.Debug|Any CPU.ActiveCfg = Debug|Any CPU
		{1A2716BE-BB6C-4C59-925C-A0D039F449AA}.Debug|Any CPU.Build.0 = Debug|Any CPU
		{1A2716BE-BB6C-4C59-925C-A0D039F449AA}.Release|Any CPU.ActiveCfg = Release|Any CPU
		{1A2716BE-BB6C-4C59-925C-A0D039F449AA}.Release|Any CPU.Build.0 = Release|Any CPU
		{6833946A-4B21-4EBB-B18D-C5FEF5DB60AA}.Debug|Any CPU.ActiveCfg = Debug|Any CPU
		{6833946A-4B21-4EBB-B18D-C5FEF5DB60AA}.Debug|Any CPU.Build.0 = Debug|Any CPU
		{6833946A-4B21-4EBB-B18D-C5FEF5DB60AA}.Release|Any CPU.ActiveCfg = Release|Any CPU
		{6833946A-4B21-4EBB-B18D-C5FEF5DB60AA}.Release|Any CPU.Build.0 = Release|Any CPU
	EndGlobalSection
	GlobalSection(SolutionProperties) = preSolution
		HideSolutionNode = FALSE
	EndGlobalSection
	GlobalSection(ExtensibilityGlobals) = postSolution
		SolutionGuid = {8B80C2AB-77CE-40B3-9B44-E54AE2A7BA4B}
	EndGlobalSection
EndGlobal
